
Microsoft Visual Studio Solution File, Format Version 12.00
# Visual Studio Version 17
VisualStudioVersion = 17.13.35919.96 d17.13
MinimumVisualStudioVersion = 10.0.40219.1
Project("{FAE04EC0-301F-11D3-BF4B-00C04F79EFBC}") = "Prog2_Act03", "Prog2_Act03.csproj", "{0256D5A1-6C8B-43B4-8FE5-7E715A49E768}"
EndProject
Project("{FAE04EC0-301F-11D3-BF4B-00C04F79EFBC}") = "Prog2_Act01", "..\Prog2_Act01\Prog2_Act01.csproj", "{7EE2B260-EF39-3122-B0A1-C6C2602D1AB8}"
EndProject
Project("{FAE04EC0-301F-11D3-BF4B-00C04F79EFBC}") = "Prog2_Act02", "..\Prog2_Act02\Prog2_Act02.csproj", "{E80C745E-7654-903C-4E17-8AE19B49B0B5}"
EndProject
Global
	GlobalSection(SolutionConfigurationPlatforms) = preSolution
		Debug|Any CPU = Debug|Any CPU
		Release|Any CPU = Release|Any CPU
	EndGlobalSection
	GlobalSection(ProjectConfigurationPlatforms) = postSolution
		{0256D5A1-6C8B-43B4-8FE5-7E715A49E768}.Debug|Any CPU.ActiveCfg = Debug|Any CPU
		{0256D5A1-6C8B-43B4-8FE5-7E715A49E768}.Debug|Any CPU.Build.0 = Debug|Any CPU
		{0256D5A1-6C8B-43B4-8FE5-7E715A49E768}.Release|Any CPU.ActiveCfg = Release|Any CPU
		{0256D5A1-6C8B-43B4-8FE5-7E715A49E768}.Release|Any CPU.Build.0 = Release|Any CPU
		{7EE2B260-EF39-3122-B0A1-C6C2602D1AB8}.Debug|Any CPU.ActiveCfg = Debug|Any CPU
		{7EE2B260-EF39-3122-B0A1-C6C2602D1AB8}.Debug|Any CPU.Build.0 = Debug|Any CPU
		{7EE2B260-EF39-3122-B0A1-C6C2602D1AB8}.Release|Any CPU.ActiveCfg = Release|Any CPU
		{7EE2B260-EF39-3122-B0A1-C6C2602D1AB8}.Release|Any CPU.Build.0 = Release|Any CPU
		{E80C745E-7654-903C-4E17-8AE19B49B0B5}.Debug|Any CPU.ActiveCfg = Debug|Any CPU
		{E80C745E-7654-903C-4E17-8AE19B49B0B5}.Debug|Any CPU.Build.0 = Debug|Any CPU
		{E80C745E-7654-903C-4E17-8AE19B49B0B5}.Release|Any CPU.ActiveCfg = Release|Any CPU
		{E80C745E-7654-903C-4E17-8AE19B49B0B5}.Release|Any CPU.Build.0 = Release|Any CPU
	EndGlobalSection
	GlobalSection(SolutionProperties) = preSolution
		HideSolutionNode = FALSE
	EndGlobalSection
	GlobalSection(ExtensibilityGlobals) = postSolution
		SolutionGuid = {D430F296-2E60-4507-8AD8-1FB8E021675A}
	EndGlobalSection
EndGlobal
